
Microsoft Visual Studio Solution File, Format Version 12.00
# Visual Studio Version 17
VisualStudioVersion = 17.2.32526.322
MinimumVisualStudioVersion = 10.0.40219.1
Project("{FAE04EC0-301F-11D3-BF4B-00C04F79EFBC}") = "BlazorChatApplicationServer", "BlazorChatApplicationServer.csproj", "{370F0BF7-0372-4E0B-8430-EFF12EF80C82}"
EndProject
Project("{FAE04EC0-301F-11D3-BF4B-00C04F79EFBC}") = "WebApiChatApplication", "..\WebApiChatApplication\WebApiChatApplication.csproj", "{50BB6CA6-8EBC-4759-B6AE-A95D6B4096EF}"
EndProject
Global
	GlobalSection(SolutionConfigurationPlatforms) = preSolution
		Debug|Any CPU = Debug|Any CPU
		Release|Any CPU = Release|Any CPU
	EndGlobalSection
	GlobalSection(ProjectConfigurationPlatforms) = postSolution
		{370F0BF7-0372-4E0B-8430-EFF12EF80C82}.Debug|Any CPU.ActiveCfg = Debug|Any CPU
		{370F0BF7-0372-4E0B-8430-EFF12EF80C82}.Debug|Any CPU.Build.0 = Debug|Any CPU
		{370F0BF7-0372-4E0B-8430-EFF12EF80C82}.Release|Any CPU.ActiveCfg = Release|Any CPU
		{370F0BF7-0372-4E0B-8430-EFF12EF80C82}.Release|Any CPU.Build.0 = Release|Any CPU
		{50BB6CA6-8EBC-4759-B6AE-A95D6B4096EF}.Debug|Any CPU.ActiveCfg = Debug|Any CPU
		{50BB6CA6-8EBC-4759-B6AE-A95D6B4096EF}.Debug|Any CPU.Build.0 = Debug|Any CPU
		{50BB6CA6-8EBC-4759-B6AE-A95D6B4096EF}.Release|Any CPU.ActiveCfg = Release|Any CPU
		{50BB6CA6-8EBC-4759-B6AE-A95D6B4096EF}.Release|Any CPU.Build.0 = Release|Any CPU
	EndGlobalSection
	GlobalSection(SolutionProperties) = preSolution
		HideSolutionNode = FALSE
	EndGlobalSection
	GlobalSection(ExtensibilityGlobals) = postSolution
		SolutionGuid = {EF39A6F1-CA5F-466B-A274-ED3851686C25}
	EndGlobalSection
EndGlobal
